
Microsoft Visual Studio Solution File, Format Version 12.00
# Visual Studio 15
VisualStudioVersion = 15.0.28010.2046
MinimumVisualStudioVersion = 10.0.40219.1
Project("{FAE04EC0-301F-11D3-BF4B-00C04F79EFBC}") = "DupontVirtualLibrary", "DupontVirtualLibrary\DupontVirtualLibrary.csproj", "{6501DBC9-BE01-4C94-BC74-7A35226FF611}"
EndProject
Global
	GlobalSection(SolutionConfigurationPlatforms) = preSolution
		Debug|Any CPU = Debug|Any CPU
		Release|Any CPU = Release|Any CPU
	EndGlobalSection
	GlobalSection(ProjectConfigurationPlatforms) = postSolution
		{6501DBC9-BE01-4C94-BC74-7A35226FF611}.Debug|Any CPU.ActiveCfg = Debug|Any CPU
		{6501DBC9-BE01-4C94-BC74-7A35226FF611}.Debug|Any CPU.Build.0 = Debug|Any CPU
		{6501DBC9-BE01-4C94-BC74-7A35226FF611}.Release|Any CPU.ActiveCfg = Release|Any CPU
		{6501DBC9-BE01-4C94-BC74-7A35226FF611}.Release|Any CPU.Build.0 = Release|Any CPU
	EndGlobalSection
	GlobalSection(SolutionProperties) = preSolution
		HideSolutionNode = FALSE
	EndGlobalSection
	GlobalSection(ExtensibilityGlobals) = postSolution
		SolutionGuid = {DB8B923D-0734-4F05-85A6-DF7E3175650C}
	EndGlobalSection
EndGlobal
